
Microsoft Visual Studio Solution File, Format Version 12.00
# Visual Studio Version 16
VisualStudioVersion = 16.0.31729.503
MinimumVisualStudioVersion = 10.0.40219.1
Project("{8BC9CEB8-8B4A-11D0-8D11-00A0C91BC942}") = "Strukture_zadatak_9", "Strukture_zadatak_9\Strukture_zadatak_9.vcxproj", "{FC9789EA-4268-4251-85D2-C308A6140DBD}"
EndProject
Global
	GlobalSection(SolutionConfigurationPlatforms) = preSolution
		Debug|x64 = Debug|x64
		Debug|x86 = Debug|x86
		Release|x64 = Release|x64
		Release|x86 = Release|x86
	EndGlobalSection
	GlobalSection(ProjectConfigurationPlatforms) = postSolution
		{FC9789EA-4268-4251-85D2-C308A6140DBD}.Debug|x64.ActiveCfg = Debug|x64
		{FC9789EA-4268-4251-85D2-C308A6140DBD}.Debug|x64.Build.0 = Debug|x64
		{FC9789EA-4268-4251-85D2-C308A6140DBD}.Debug|x86.ActiveCfg = Debug|Win32
		{FC9789EA-4268-4251-85D2-C308A6140DBD}.Debug|x86.Build.0 = Debug|Win32
		{FC9789EA-4268-4251-85D2-C308A6140DBD}.Release|x64.ActiveCfg = Release|x64
		{FC9789EA-4268-4251-85D2-C308A6140DBD}.Release|x64.Build.0 = Release|x64
		{FC9789EA-4268-4251-85D2-C308A6140DBD}.Release|x86.ActiveCfg = Release|Win32
		{FC9789EA-4268-4251-85D2-C308A6140DBD}.Release|x86.Build.0 = Release|Win32
	EndGlobalSection
	GlobalSection(SolutionProperties) = preSolution
		HideSolutionNode = FALSE
	EndGlobalSection
	GlobalSection(ExtensibilityGlobals) = postSolution
		SolutionGuid = {66714B3F-B604-49BB-8C5D-4F55C67705F7}
	EndGlobalSection
EndGlobal
