
Microsoft Visual Studio Solution File, Format Version 12.00
# Visual Studio Version 16
VisualStudioVersion = 16.0.32106.194
MinimumVisualStudioVersion = 10.0.40219.1
Project("{8BC9CEB8-8B4A-11D0-8D11-00A0C91BC942}") = "strukure_zad_10_a", "strukure_zad_10_a\strukure_zad_10_a.vcxproj", "{B8168BE0-23E8-4EC0-8DB4-0A005E70E6C1}"
EndProject
Global
	GlobalSection(SolutionConfigurationPlatforms) = preSolution
		Debug|x64 = Debug|x64
		Debug|x86 = Debug|x86
		Release|x64 = Release|x64
		Release|x86 = Release|x86
	EndGlobalSection
	GlobalSection(ProjectConfigurationPlatforms) = postSolution
		{B8168BE0-23E8-4EC0-8DB4-0A005E70E6C1}.Debug|x64.ActiveCfg = Debug|x64
		{B8168BE0-23E8-4EC0-8DB4-0A005E70E6C1}.Debug|x64.Build.0 = Debug|x64
		{B8168BE0-23E8-4EC0-8DB4-0A005E70E6C1}.Debug|x86.ActiveCfg = Debug|Win32
		{B8168BE0-23E8-4EC0-8DB4-0A005E70E6C1}.Debug|x86.Build.0 = Debug|Win32
		{B8168BE0-23E8-4EC0-8DB4-0A005E70E6C1}.Release|x64.ActiveCfg = Release|x64
		{B8168BE0-23E8-4EC0-8DB4-0A005E70E6C1}.Release|x64.Build.0 = Release|x64
		{B8168BE0-23E8-4EC0-8DB4-0A005E70E6C1}.Release|x86.ActiveCfg = Release|Win32
		{B8168BE0-23E8-4EC0-8DB4-0A005E70E6C1}.Release|x86.Build.0 = Release|Win32
	EndGlobalSection
	GlobalSection(SolutionProperties) = preSolution
		HideSolutionNode = FALSE
	EndGlobalSection
	GlobalSection(ExtensibilityGlobals) = postSolution
		SolutionGuid = {0DA0158A-555C-4627-814D-16F453FC0605}
	EndGlobalSection
EndGlobal
