
Microsoft Visual Studio Solution File, Format Version 12.00
# Visual Studio Version 16
VisualStudioVersion = 16.0.31729.503
MinimumVisualStudioVersion = 10.0.40219.1
Project("{8BC9CEB8-8B4A-11D0-8D11-00A0C91BC942}") = "zadatak_7", "zadatak_7\zadatak_7.vcxproj", "{00DADCCB-2F73-403B-AA10-889A0CC19B65}"
EndProject
Global
	GlobalSection(SolutionConfigurationPlatforms) = preSolution
		Debug|x64 = Debug|x64
		Debug|x86 = Debug|x86
		Release|x64 = Release|x64
		Release|x86 = Release|x86
	EndGlobalSection
	GlobalSection(ProjectConfigurationPlatforms) = postSolution
		{00DADCCB-2F73-403B-AA10-889A0CC19B65}.Debug|x64.ActiveCfg = Debug|x64
		{00DADCCB-2F73-403B-AA10-889A0CC19B65}.Debug|x64.Build.0 = Debug|x64
		{00DADCCB-2F73-403B-AA10-889A0CC19B65}.Debug|x86.ActiveCfg = Debug|Win32
		{00DADCCB-2F73-403B-AA10-889A0CC19B65}.Debug|x86.Build.0 = Debug|Win32
		{00DADCCB-2F73-403B-AA10-889A0CC19B65}.Release|x64.ActiveCfg = Release|x64
		{00DADCCB-2F73-403B-AA10-889A0CC19B65}.Release|x64.Build.0 = Release|x64
		{00DADCCB-2F73-403B-AA10-889A0CC19B65}.Release|x86.ActiveCfg = Release|Win32
		{00DADCCB-2F73-403B-AA10-889A0CC19B65}.Release|x86.Build.0 = Release|Win32
	EndGlobalSection
	GlobalSection(SolutionProperties) = preSolution
		HideSolutionNode = FALSE
	EndGlobalSection
	GlobalSection(ExtensibilityGlobals) = postSolution
		SolutionGuid = {5DBA1C35-30BD-48DA-9865-63B0C8114FEA}
	EndGlobalSection
EndGlobal
